// !$*UTF8*$!
{
	archiveVersion = 1;
	classes = {
	};
	objectVersion = 50;
	objects = {

/* Begin PBXBuildFile section */
		321FCB98FFA859FB6AEC47CB /* Pods_DemoAnimation.framework in Frameworks */ = {isa = PBXBuildFile; fileRef = 52A54F6005C455FA67A3F3AE /* Pods_DemoAnimation.framework */; };
		F98389032763365B0080CBF3 /* AppDelegate.swift in Sources */ = {isa = PBXBuildFile; fileRef = F98389022763365B0080CBF3 /* AppDelegate.swift */; };
		F98389052763365B0080CBF3 /* SceneDelegate.swift in Sources */ = {isa = PBXBuildFile; fileRef = F98389042763365B0080CBF3 /* SceneDelegate.swift */; };
		F98389072763365B0080CBF3 /* ViewController.swift in Sources */ = {isa = PBXBuildFile; fileRef = F98389062763365B0080CBF3 /* ViewController.swift */; };
		F983890A2763365B0080CBF3 /* Main.storyboard in Resources */ = {isa = PBXBuildFile; fileRef = F98389082763365B0080CBF3 /* Main.storyboard */; };
		F983890C2763365E0080CBF3 /* Assets.xcassets in Resources */ = {isa = PBXBuildFile; fileRef = F983890B2763365E0080CBF3 /* Assets.xcassets */; };
		F983890F2763365F0080CBF3 /* LaunchScreen.storyboard in Resources */ = {isa = PBXBuildFile; fileRef = F983890D2763365F0080CBF3 /* LaunchScreen.storyboard */; };
/* End PBXBuildFile section */

/* Begin PBXFileReference section */
		52A54F6005C455FA67A3F3AE /* Pods_DemoAnimation.framework */ = {isa = PBXFileReference; explicitFileType = wrapper.framework; includeInIndex = 0; path = Pods_DemoAnimation.framework; sourceTree = BUILT_PRODUCTS_DIR; };
		715F8585E0FBC4875CC77238 /* Pods-DemoAnimation.release.xcconfig */ = {isa = PBXFileReference; includeInIndex = 1; lastKnownFileType = text.xcconfig; name = "Pods-DemoAnimation.release.xcconfig"; path = "Target Support Files/Pods-DemoAnimation/Pods-DemoAnimation.release.xcconfig"; sourceTree = "<group>"; };
		EE743E83C311D12792489F54 /* Pods-DemoAnimation.debug.xcconfig */ = {isa = PBXFileReference; includeInIndex = 1; lastKnownFileType = text.xcconfig; name = "Pods-DemoAnimation.debug.xcconfig"; path = "Target Support Files/Pods-DemoAnimation/Pods-DemoAnimation.debug.xcconfig"; sourceTree = "<group>"; };
		F98388FF2763365B0080CBF3 /* DemoAnimation.app */ = {isa = PBXFileReference; explicitFileType = wrapper.application; includeInIndex = 0; path = DemoAnimation.app; sourceTree = BUILT_PRODUCTS_DIR; };
		F98389022763365B0080CBF3 /* AppDelegate.swift */ = {isa = PBXFileReference; lastKnownFileType = sourcecode.swift; path = AppDelegate.swift; sourceTree = "<group>"; };
		F98389042763365B0080CBF3 /* SceneDelegate.swift */ = {isa = PBXFileReference; lastKnownFileType = sourcecode.swift; path = SceneDelegate.swift; sourceTree = "<group>"; };
		F98389062763365B0080CBF3 /* ViewController.swift */ = {isa = PBXFileReference; lastKnownFileType = sourcecode.swift; path = ViewController.swift; sourceTree = "<group>"; };
		F98389092763365B0080CBF3 /* Base */ = {isa = PBXFileReference; lastKnownFileType = file.storyboard; name = Base; path = Base.lproj/Main.storyboard; sourceTree = "<group>"; };
		F983890B2763365E0080CBF3 /* Assets.xcassets */ = {isa = PBXFileReference; lastKnownFileType = folder.assetcatalog; path = Assets.xcassets; sourceTree = "<group>"; };
		F983890E2763365F0080CBF3 /* Base */ = {isa = PBXFileReference; lastKnownFileType = file.storyboard; name = Base; path = Base.lproj/LaunchScreen.storyboard; sourceTree = "<group>"; };
		F98389102763365F0080CBF3 /* Info.plist */ = {isa = PBXFileReference; lastKnownFileType = text.plist.xml; path = Info.plist; sourceTree = "<group>"; };
/* End PBXFileReference section */

/* Begin PBXFrameworksBuildPhase section */
		F98388FC2763365B0080CBF3 /* Frameworks */ = {
			isa = PBXFrameworksBuildPhase;
			buildActionMask = 2147483647;
			files = (
				321FCB98FFA859FB6AEC47CB /* Pods_DemoAnimation.framework in Frameworks */,
			);
			runOnlyForDeploymentPostprocessing = 0;
		};
/* End PBXFrameworksBuildPhase section */

/* Begin PBXGroup section */
		2072D3E8799D0719FA7F114B /* Pods */ = {
			isa = PBXGroup;
			children = (
				EE743E83C311D12792489F54 /* Pods-DemoAnimation.debug.xcconfig */,
				715F8585E0FBC4875CC77238 /* Pods-DemoAnimation.release.xcconfig */,
			);
			name = Pods;
			path = Pods;
			sourceTree = "<group>";
		};
		3B34C2760AC6FCA433931616 /* Frameworks */ = {
			isa = PBXGroup;
			children = (
				52A54F6005C455FA67A3F3AE /* Pods_DemoAnimation.framework */,
			);
			name = Frameworks;
			sourceTree = "<group>";
		};
		F98388F62763365B0080CBF3 = {
			isa = PBXGroup;
			children = (
				F98389012763365B0080CBF3 /* DemoAnimation */,
				F98389002763365B0080CBF3 /* Products */,
				2072D3E8799D0719FA7F114B /* Pods */,
				3B34C2760AC6FCA433931616 /* Frameworks */,
			);
			sourceTree = "<group>";
		};
		F98389002763365B0080CBF3 /* Products */ = {
			isa = PBXGroup;
			children = (
				F98388FF2763365B0080CBF3 /* DemoAnimation.app */,
			);
			name = Products;
			sourceTree = "<group>";
		};
		F98389012763365B0080CBF3 /* DemoAnimation */ = {
			isa = PBXGroup;
			children = (
				F98389022763365B0080CBF3 /* AppDelegate.swift */,
				F98389042763365B0080CBF3 /* SceneDelegate.swift */,
				F98389062763365B0080CBF3 /* ViewController.swift */,
				F98389082763365B0080CBF3 /* Main.storyboard */,
				F983890B2763365E0080CBF3 /* Assets.xcassets */,
				F983890D2763365F0080CBF3 /* LaunchScreen.storyboard */,
				F98389102763365F0080CBF3 /* Info.plist */,
			);
			path = DemoAnimation;
			sourceTree = "<group>";
		};
/* End PBXGroup section */

/* Begin PBXNativeTarget section */
		F98388FE2763365B0080CBF3 /* DemoAnimation */ = {
			isa = PBXNativeTarget;
			buildConfigurationList = F98389132763365F0080CBF3 /* Build configuration list for PBXNativeTarget "DemoAnimation" */;
			buildPhases = (
				CD0983DA7D44D160E8936F69 /* [CP] Check Pods Manifest.lock */,
				F98388FB2763365B0080CBF3 /* Sources */,
				F98388FC2763365B0080CBF3 /* Frameworks */,
				F98388FD2763365B0080CBF3 /* Resources */,
				44B302270884B44F4F496528 /* [CP] Embed Pods Frameworks */,
			);
			buildRules = (
			);
			dependencies = (
			);
			name = DemoAnimation;
			productName = DemoAnimation;
			productReference = F98388FF2763365B0080CBF3 /* DemoAnimation.app */;
			productType = "com.apple.product-type.application";
		};
/* End PBXNativeTarget section */

/* Begin PBXProject section */
		F98388F72763365B0080CBF3 /* Project object */ = {
			isa = PBXProject;
			attributes = {
				LastSwiftUpdateCheck = 1170;
				LastUpgradeCheck = 1170;
				ORGANIZATIONNAME = "Siddhesh Kotavdekar";
				TargetAttributes = {
					F98388FE2763365B0080CBF3 = {
						CreatedOnToolsVersion = 11.7;
					};
				};
			};
			buildConfigurationList = F98388FA2763365B0080CBF3 /* Build configuration list for PBXProject "DemoAnimation" */;
			compatibilityVersion = "Xcode 9.3";
			developmentRegion = en;
			hasScannedForEncodings = 0;
			knownRegions = (
				en,
				Base,
			);
			mainGroup = F98388F62763365B0080CBF3;
			productRefGroup = F98389002763365B0080CBF3 /* Products */;
			projectDirPath = "";
			projectRoot = "";
			targets = (
				F98388FE2763365B0080CBF3 /* DemoAnimation */,
			);
		};
/* End PBXProject section */

/* Begin PBXResourcesBuildPhase section */
		F98388FD2763365B0080CBF3 /* Resources */ = {
			isa = PBXResourcesBuildPhase;
			buildActionMask = 2147483647;
			files = (
				F983890F2763365F0080CBF3 /* LaunchScreen.storyboard in Resources */,
				F983890C2763365E0080CBF3 /* Assets.xcassets in Resources */,
				F983890A2763365B0080CBF3 /* Main.storyboard in Resources */,
			);
			runOnlyForDeploymentPostprocessing = 0;
		};
/* End PBXResourcesBuildPhase section */

/* Begin PBXShellScriptBuildPhase section */
		44B302270884B44F4F496528 /* [CP] Embed Pods Frameworks */ = {
			isa = PBXShellScriptBuildPhase;
			buildActionMask = 2147483647;
			files = (
			);
			inputFileListPaths = (
				"${PODS_ROOT}/Target Support Files/Pods-DemoAnimation/Pods-DemoAnimation-frameworks-${CONFIGURATION}-input-files.xcfilelist",
			);
			name = "[CP] Embed Pods Frameworks";
			outputFileListPaths = (
				"${PODS_ROOT}/Target Support Files/Pods-DemoAnimation/Pods-DemoAnimation-frameworks-${CONFIGURATION}-output-files.xcfilelist",
			);
			runOnlyForDeploymentPostprocessing = 0;
			shellPath = /bin/sh;
			shellScript = "\"${PODS_ROOT}/Target Support Files/Pods-DemoAnimation/Pods-DemoAnimation-frameworks.sh\"\n";
			showEnvVarsInLog = 0;
		};
		CD0983DA7D44D160E8936F69 /* [CP] Check Pods Manifest.lock */ = {
			isa = PBXShellScriptBuildPhase;
			buildActionMask = 2147483647;
			files = (
			);
			inputFileListPaths = (
			);
			inputPaths = (
				"${PODS_PODFILE_DIR_PATH}/Podfile.lock",
				"${PODS_ROOT}/Manifest.lock",
			);
			name = "[CP] Check Pods Manifest.lock";
			outputFileListPaths = (
			);
			outputPaths = (
				"$(DERIVED_FILE_DIR)/Pods-DemoAnimation-checkManifestLockResult.txt",
			);
			runOnlyForDeploymentPostprocessing = 0;
			shellPath = /bin/sh;
			shellScript = "diff \"${PODS_PODFILE_DIR_PATH}/Podfile.lock\" \"${PODS_ROOT}/Manifest.lock\" > /dev/null\nif [ $? != 0 ] ; then\n    # print error to STDERR\n    echo \"error: The sandbox is not in sync with the Podfile.lock. Run 'pod install' or update your CocoaPods installation.\" >&2\n    exit 1\nfi\n# This output is used by Xcode 'outputs' to avoid re-running this script phase.\necho \"SUCCESS\" > \"${SCRIPT_OUTPUT_FILE_0}\"\n";
			showEnvVarsInLog = 0;
		};
/* End PBXShellScriptBuildPhase section */

/* Begin PBXSourcesBuildPhase section */
		F98388FB2763365B0080CBF3 /* Sources */ = {
			isa = PBXSourcesBuildPhase;
			buildActionMask = 2147483647;
			files = (
				F98389072763365B0080CBF3 /* ViewController.swift in Sources */,
				F98389032763365B0080CBF3 /* AppDelegate.swift in Sources */,
				F98389052763365B0080CBF3 /* SceneDelegate.swift in Sources */,
			);
			runOnlyForDeploymentPostprocessing = 0;
		};
/* End PBXSourcesBuildPhase section */

/* Begin PBXVariantGroup section */
		F98389082763365B0080CBF3 /* Main.storyboard */ = {
			isa = PBXVariantGroup;
			children = (
				F98389092763365B0080CBF3 /* Base */,
			);
			name = Main.storyboard;
			sourceTree = "<group>";
		};
		F983890D2763365F0080CBF3 /* LaunchScreen.storyboard */ = {
			isa = PBXVariantGroup;
			children = (
				F983890E2763365F0080CBF3 /* Base */,
			);
			name = LaunchScreen.storyboard;
			sourceTree = "<group>";
		};
/* End PBXVariantGroup section */

/* Begin XCBuildConfiguration section */
		F98389112763365F0080CBF3 /* Debug */ = {
			isa = XCBuildConfiguration;
			buildSettings = {
				ALWAYS_SEARCH_USER_PATHS = NO;
				CLANG_ANALYZER_NONNULL = YES;
				CLANG_ANALYZER_NUMBER_OBJECT_CONVERSION = YES_AGGRESSIVE;
				CLANG_CXX_LANGUAGE_STANDARD = "gnu++14";
				CLANG_CXX_LIBRARY = "libc++";
				CLANG_ENABLE_MODULES = YES;
				CLANG_ENABLE_OBJC_ARC = YES;
				CLANG_ENABLE_OBJC_WEAK = YES;
				CLANG_WARN_BLOCK_CAPTURE_AUTORELEASING = YES;
				CLANG_WARN_BOOL_CONVERSION = YES;
				CLANG_WARN_COMMA = YES;
				CLANG_WARN_CONSTANT_CONVERSION = YES;
				CLANG_WARN_DEPRECATED_OBJC_IMPLEMENTATIONS = YES;
				CLANG_WARN_DIRECT_OBJC_ISA_USAGE = YES_ERROR;
				CLANG_WARN_DOCUMENTATION_COMMENTS = YES;
				CLANG_WARN_EMPTY_BODY = YES;
				CLANG_WARN_ENUM_CONVERSION = YES;
				CLANG_WARN_INFINITE_RECURSION = YES;
				CLANG_WARN_INT_CONVERSION = YES;
				CLANG_WARN_NON_LITERAL_NULL_CONVERSION = YES;
				CLANG_WARN_OBJC_IMPLICIT_RETAIN_SELF = YES;
				CLANG_WARN_OBJC_LITERAL_CONVERSION = YES;
				CLANG_WARN_OBJC_ROOT_CLASS = YES_ERROR;
				CLANG_WARN_RANGE_LOOP_ANALYSIS = YES;
				CLANG_WARN_STRICT_PROTOTYPES = YES;
				CLANG_WARN_SUSPICIOUS_MOVE = YES;
				CLANG_WARN_UNGUARDED_AVAILABILITY = YES_AGGRESSIVE;
				CLANG_WARN_UNREACHABLE_CODE = YES;
				CLANG_WARN__DUPLICATE_METHOD_MATCH = YES;
				COPY_PHASE_STRIP = NO;
				DEBUG_INFORMATION_FORMAT = dwarf;
				ENABLE_STRICT_OBJC_MSGSEND = YES;
				ENABLE_TESTABILITY = YES;
				GCC_C_LANGUAGE_STANDARD = gnu11;
				GCC_DYNAMIC_NO_PIC = NO;
				GCC_NO_COMMON_BLOCKS = YES;
				GCC_OPTIMIZATION_LEVEL = 0;
				GCC_PREPROCESSOR_DEFINITIONS = (
					"DEBUG=1",
					"$(inherited)",
				);
				GCC_WARN_64_TO_32_BIT_CONVERSION = YES;
				GCC_WARN_ABOUT_RETURN_TYPE = YES_ERROR;
				GCC_WARN_UNDECLARED_SELECTOR = YES;
				GCC_WARN_UNINITIALIZED_AUTOS = YES_AGGRESSIVE;
				GCC_WARN_UNUSED_FUNCTION = YES;
				GCC_WARN_UNUSED_VARIABLE = YES;
				IPHONEOS_DEPLOYMENT_TARGET = 13.7;
				MTL_ENABLE_DEBUG_INFO = INCLUDE_SOURCE;
				MTL_FAST_MATH = YES;
				ONLY_ACTIVE_ARCH = YES;
				SDKROOT = iphoneos;
				SWIFT_ACTIVE_COMPILATION_CONDITIONS = DEBUG;
				SWIFT_OPTIMIZATION_LEVEL = "-Onone";
			};
			name = Debug;
		};
		F98389122763365F0080CBF3 /* Release */ = {
			isa = XCBuildConfiguration;
			buildSettings = {
				ALWAYS_SEARCH_USER_PATHS = NO;
				CLANG_ANALYZER_NONNULL = YES;
				CLANG_ANALYZER_NUMBER_OBJECT_CONVERSION = YES_AGGRESSIVE;
				CLANG_CXX_LANGUAGE_STANDARD = "gnu++14";
				CLANG_CXX_LIBRARY = "libc++";
				CLANG_ENABLE_MODULES = YES;
				CLANG_ENABLE_OBJC_ARC = YES;
				CLANG_ENABLE_OBJC_WEAK = YES;
				CLANG_WARN_BLOCK_CAPTURE_AUTORELEASING = YES;
				CLANG_WARN_BOOL_CONVERSION = YES;
				CLANG_WARN_COMMA = YES;
				CLANG_WARN_CONSTANT_CONVERSION = YES;
				CLANG_WARN_DEPRECATED_OBJC_IMPLEMENTATIONS = YES;
				CLANG_WARN_DIRECT_OBJC_ISA_USAGE = YES_ERROR;
				CLANG_WARN_DOCUMENTATION_COMMENTS = YES;
				CLANG_WARN_EMPTY_BODY = YES;
				CLANG_WARN_ENUM_CONVERSION = YES;
				CLANG_WARN_INFINITE_RECURSION = YES;
				CLANG_WARN_INT_CONVERSION = YES;
				CLANG_WARN_NON_LITERAL_NULL_CONVERSION = YES;
				CLANG_WARN_OBJC_IMPLICIT_RETAIN_SELF = YES;
				CLANG_WARN_OBJC_LITERAL_CONVERSION = YES;
				CLANG_WARN_OBJC_ROOT_CLASS = YES_ERROR;
				CLANG_WARN_RANGE_LOOP_ANALYSIS = YES;
				CLANG_WARN_STRICT_PROTOTYPES = YES;
				CLANG_WARN_SUSPICIOUS_MOVE = YES;
				CLANG_WARN_UNGUARDED_AVAILABILITY = YES_AGGRESSIVE;
				CLANG_WARN_UNREACHABLE_CODE = YES;
				CLANG_WARN__DUPLICATE_METHOD_MATCH = YES;
				COPY_PHASE_STRIP = NO;
				DEBUG_INFORMATION_FORMAT = "dwarf-with-dsym";
				ENABLE_NS_ASSERTIONS = NO;
				ENABLE_STRICT_OBJC_MSGSEND = YES;
				GCC_C_LANGUAGE_STANDARD = gnu11;
				GCC_NO_COMMON_BLOCKS = YES;
				GCC_WARN_64_TO_32_BIT_CONVERSION = YES;
				GCC_WARN_ABOUT_RETURN_TYPE = YES_ERROR;
				GCC_WARN_UNDECLARED_SELECTOR = YES;
				GCC_WARN_UNINITIALIZED_AUTOS = YES_AGGRESSIVE;
				GCC_WARN_UNUSED_FUNCTION = YES;
				GCC_WARN_UNUSED_VARIABLE = YES;
				IPHONEOS_DEPLOYMENT_TARGET = 13.7;
				MTL_ENABLE_DEBUG_INFO = NO;
				MTL_FAST_MATH = YES;
				SDKROOT = iphoneos;
				SWIFT_COMPILATION_MODE = wholemodule;
				SWIFT_OPTIMIZATION_LEVEL = "-O";
				VALIDATE_PRODUCT = YES;
			};
			name = Release;
		};
		F98389142763365F0080CBF3 /* Debug */ = {
			isa = XCBuildConfiguration;
			baseConfigurationReference = EE743E83C311D12792489F54 /* Pods-DemoAnimation.debug.xcconfig */;
			buildSettings = {
				ASSETCATALOG_COMPILER_APPICON_NAME = AppIcon;
				CODE_SIGN_STYLE = Automatic;
				INFOPLIST_FILE = DemoAnimation/Info.plist;
				LD_RUNPATH_SEARCH_PATHS = (
					"$(inherited)",
					"@executable_path/Frameworks",
				);
				PRODUCT_BUNDLE_IDENTIFIER = ABC.DemoAnimation;
				PRODUCT_NAME = "$(TARGET_NAME)";
				SWIFT_VERSION = 5.0;
				TARGETED_DEVICE_FAMILY = "1,2";
			};
			name = Debug;
		};
		F98389152763365F0080CBF3 /* Release */ = {
			isa = XCBuildConfiguration;
			baseConfigurationReference = 715F8585E0FBC4875CC77238 /* Pods-DemoAnimation.release.xcconfig */;
			buildSettings = {
				ASSETCATALOG_COMPILER_APPICON_NAME = AppIcon;
				CODE_SIGN_STYLE = Automatic;
				INFOPLIST_FILE = DemoAnimation/Info.plist;
				LD_RUNPATH_SEARCH_PATHS = (
					"$(inherited)",
					"@executable_path/Frameworks",
				);
				PRODUCT_BUNDLE_IDENTIFIER = ABC.DemoAnimation;
				PRODUCT_NAME = "$(TARGET_NAME)";
				SWIFT_VERSION = 5.0;
				TARGETED_DEVICE_FAMILY = "1,2";
			};
			name = Release;
		};
/* End XCBuildConfiguration section */

/* Begin XCConfigurationList section */
		F98388FA2763365B0080CBF3 /* Build configuration list for PBXProject "DemoAnimation" */ = {
			isa = XCConfigurationList;
			buildConfigurations = (
				F98389112763365F0080CBF3 /* Debug */,
				F98389122763365F0080CBF3 /* Release */,
			);
			defaultConfigurationIsVisible = 0;
			defaultConfigurationName = Release;
		};
		F98389132763365F0080CBF3 /* Build configuration list for PBXNativeTarget "DemoAnimation" */ = {
			isa = XCConfigurationList;
			buildConfigurations = (
				F98389142763365F0080CBF3 /* Debug */,
				F98389152763365F0080CBF3 /* Release */,
			);
			defaultConfigurationIsVisible = 0;
			defaultConfigurationName = Release;
		};
/* End XCConfigurationList section */
	};
	rootObject = F98388F72763365B0080CBF3 /* Project object */;
}
